// !$*UTF8*$!
{
	archiveVersion = 1;
	classes = {
	};
	objectVersion = 50;
	objects = {

/* Begin PBXBuildFile section */
		EF3CFE252630B7D600D65071 /* XCTestCase+MemoryLeakTracking.swift in Sources */ = {isa = PBXBuildFile; fileRef = EFB0F92A260F5AF800172920 /* XCTestCase+MemoryLeakTracking.swift */; };
		EFB0F849260D3FBC00172920 /* HTTPClient.swift in Sources */ = {isa = PBXBuildFile; fileRef = EFB0F848260D3FBC00172920 /* HTTPClient.swift */; };
		EFB0F84D260D401600172920 /* WeatherForecastMapper.swift in Sources */ = {isa = PBXBuildFile; fileRef = EFB0F84C260D401600172920 /* WeatherForecastMapper.swift */; };
		EFB0F926260F396E00172920 /* URLSessionHTTPClientTests.swift in Sources */ = {isa = PBXBuildFile; fileRef = EFB0F925260F396E00172920 /* URLSessionHTTPClientTests.swift */; };
		EFB0F92B260F5AF800172920 /* XCTestCase+MemoryLeakTracking.swift in Sources */ = {isa = PBXBuildFile; fileRef = EFB0F92A260F5AF800172920 /* XCTestCase+MemoryLeakTracking.swift */; };
		EFB0F9312613AAEA00172920 /* URLSessionHTTPClient.swift in Sources */ = {isa = PBXBuildFile; fileRef = EFB0F9302613AAE900172920 /* URLSessionHTTPClient.swift */; };
		EFB0F9432613B0B200172920 /* WeatherAppAPIEndToEndTests.swift in Sources */ = {isa = PBXBuildFile; fileRef = EFB0F9422613B0B200172920 /* WeatherAppAPIEndToEndTests.swift */; };
		EFB0F9452613B0B200172920 /* WeatherApp.framework in Frameworks */ = {isa = PBXBuildFile; fileRef = EFED4F8025F2E2EC003AE2E7 /* WeatherApp.framework */; };
		EFBC8C24265D955100A29D23 /* CacheWeatherForecastUseCase.swift in Sources */ = {isa = PBXBuildFile; fileRef = EFBC8C23265D955100A29D23 /* CacheWeatherForecastUseCase.swift */; };
		EFBC8C4E266042B400A29D23 /* LocalWeatherLoader.swift in Sources */ = {isa = PBXBuildFile; fileRef = EFBC8C4D266042B400A29D23 /* LocalWeatherLoader.swift */; };
		EFBC8C532660436A00A29D23 /* WeatherForecastStore.swift in Sources */ = {isa = PBXBuildFile; fileRef = EFBC8C522660436A00A29D23 /* WeatherForecastStore.swift */; };
		EFDE5921267E9C2A00C464A7 /* WeatherAPI.swift in Sources */ = {isa = PBXBuildFile; fileRef = EFDE5920267E9C2A00C464A7 /* WeatherAPI.swift */; };
		EFDE5926267E9CB200C464A7 /* LocalWeatherForecast.swift in Sources */ = {isa = PBXBuildFile; fileRef = EFDE5925267E9CB200C464A7 /* LocalWeatherForecast.swift */; };
		EFED4F8A25F2E2ED003AE2E7 /* WeatherApp.framework in Frameworks */ = {isa = PBXBuildFile; fileRef = EFED4F8025F2E2EC003AE2E7 /* WeatherApp.framework */; };
		EFED4F9125F2E2ED003AE2E7 /* WeatherApp.h in Headers */ = {isa = PBXBuildFile; fileRef = EFED4F8325F2E2EC003AE2E7 /* WeatherApp.h */; settings = {ATTRIBUTES = (Public, ); }; };
		EFED4F9D25F4F3AB003AE2E7 /* CurrentWeather.swift in Sources */ = {isa = PBXBuildFile; fileRef = EFED4F9C25F4F3AB003AE2E7 /* CurrentWeather.swift */; };
		EFED4FA125F4F9C0003AE2E7 /* WeatherCondition.swift in Sources */ = {isa = PBXBuildFile; fileRef = EFED4FA025F4F9C0003AE2E7 /* WeatherCondition.swift */; };
		EFED4FA525F4F9DC003AE2E7 /* AirQuality.swift in Sources */ = {isa = PBXBuildFile; fileRef = EFED4FA425F4F9DC003AE2E7 /* AirQuality.swift */; };
		EFED4FA925F4FA54003AE2E7 /* DailyWeatherForecast.swift in Sources */ = {isa = PBXBuildFile; fileRef = EFED4FA825F4FA54003AE2E7 /* DailyWeatherForecast.swift */; };
		EFED4FAD25F4FC1F003AE2E7 /* WeatherForecast.swift in Sources */ = {isa = PBXBuildFile; fileRef = EFED4FAC25F4FC1E003AE2E7 /* WeatherForecast.swift */; };
		EFED4FB125F4FFE9003AE2E7 /* Location.swift in Sources */ = {isa = PBXBuildFile; fileRef = EFED4FB025F4FFE9003AE2E7 /* Location.swift */; };
		EFED4FB525F50155003AE2E7 /* WeatherLoader.swift in Sources */ = {isa = PBXBuildFile; fileRef = EFED4FB425F50155003AE2E7 /* WeatherLoader.swift */; };
		EFED4FBF25F50346003AE2E7 /* RemoteWeatherLoaderTests.swift in Sources */ = {isa = PBXBuildFile; fileRef = EFED4FBE25F50346003AE2E7 /* RemoteWeatherLoaderTests.swift */; };
		EFED4FC425F56BF0003AE2E7 /* RemoteWeatherLoader.swift in Sources */ = {isa = PBXBuildFile; fileRef = EFED4FC325F56BF0003AE2E7 /* RemoteWeatherLoader.swift */; };
/* End PBXBuildFile section */

/* Begin PBXContainerItemProxy section */
		EFB0F9462613B0B200172920 /* PBXContainerItemProxy */ = {
			isa = PBXContainerItemProxy;
			containerPortal = EFED4F7725F2E2EC003AE2E7 /* Project object */;
			proxyType = 1;
			remoteGlobalIDString = EFED4F7F25F2E2EC003AE2E7;
			remoteInfo = WeatherApp;
		};
		EFED4F8B25F2E2ED003AE2E7 /* PBXContainerItemProxy */ = {
			isa = PBXContainerItemProxy;
			containerPortal = EFED4F7725F2E2EC003AE2E7 /* Project object */;
			proxyType = 1;
			remoteGlobalIDString = EFED4F7F25F2E2EC003AE2E7;
			remoteInfo = WeatherApp;
		};
/* End PBXContainerItemProxy section */

/* Begin PBXFileReference section */
		EFB0F848260D3FBC00172920 /* HTTPClient.swift */ = {isa = PBXFileReference; lastKnownFileType = sourcecode.swift; path = HTTPClient.swift; sourceTree = "<group>"; };
		EFB0F84C260D401600172920 /* WeatherForecastMapper.swift */ = {isa = PBXFileReference; lastKnownFileType = sourcecode.swift; path = WeatherForecastMapper.swift; sourceTree = "<group>"; };
		EFB0F925260F396E00172920 /* URLSessionHTTPClientTests.swift */ = {isa = PBXFileReference; lastKnownFileType = sourcecode.swift; path = URLSessionHTTPClientTests.swift; sourceTree = "<group>"; };
		EFB0F92A260F5AF800172920 /* XCTestCase+MemoryLeakTracking.swift */ = {isa = PBXFileReference; lastKnownFileType = sourcecode.swift; path = "XCTestCase+MemoryLeakTracking.swift"; sourceTree = "<group>"; };
		EFB0F9302613AAE900172920 /* URLSessionHTTPClient.swift */ = {isa = PBXFileReference; lastKnownFileType = sourcecode.swift; path = URLSessionHTTPClient.swift; sourceTree = "<group>"; };
		EFB0F9402613B0B100172920 /* WeatherAppAPIEndToEndTests.xctest */ = {isa = PBXFileReference; explicitFileType = wrapper.cfbundle; includeInIndex = 0; path = WeatherAppAPIEndToEndTests.xctest; sourceTree = BUILT_PRODUCTS_DIR; };
		EFB0F9422613B0B200172920 /* WeatherAppAPIEndToEndTests.swift */ = {isa = PBXFileReference; lastKnownFileType = sourcecode.swift; path = WeatherAppAPIEndToEndTests.swift; sourceTree = "<group>"; };
		EFB0F9442613B0B200172920 /* Info.plist */ = {isa = PBXFileReference; lastKnownFileType = text.plist.xml; path = Info.plist; sourceTree = "<group>"; };
		EFBC8C23265D955100A29D23 /* CacheWeatherForecastUseCase.swift */ = {isa = PBXFileReference; lastKnownFileType = sourcecode.swift; path = CacheWeatherForecastUseCase.swift; sourceTree = "<group>"; };
		EFBC8C4D266042B400A29D23 /* LocalWeatherLoader.swift */ = {isa = PBXFileReference; lastKnownFileType = sourcecode.swift; path = LocalWeatherLoader.swift; sourceTree = "<group>"; };
		EFBC8C522660436A00A29D23 /* WeatherForecastStore.swift */ = {isa = PBXFileReference; lastKnownFileType = sourcecode.swift; path = WeatherForecastStore.swift; sourceTree = "<group>"; };
		EFDE5920267E9C2A00C464A7 /* WeatherAPI.swift */ = {isa = PBXFileReference; lastKnownFileType = sourcecode.swift; path = WeatherAPI.swift; sourceTree = "<group>"; };
		EFDE5925267E9CB200C464A7 /* LocalWeatherForecast.swift */ = {isa = PBXFileReference; lastKnownFileType = sourcecode.swift; path = LocalWeatherForecast.swift; sourceTree = "<group>"; };
		EFED4F8025F2E2EC003AE2E7 /* WeatherApp.framework */ = {isa = PBXFileReference; explicitFileType = wrapper.framework; includeInIndex = 0; path = WeatherApp.framework; sourceTree = BUILT_PRODUCTS_DIR; };
		EFED4F8325F2E2EC003AE2E7 /* WeatherApp.h */ = {isa = PBXFileReference; lastKnownFileType = sourcecode.c.h; path = WeatherApp.h; sourceTree = "<group>"; };
		EFED4F8425F2E2EC003AE2E7 /* Info.plist */ = {isa = PBXFileReference; lastKnownFileType = text.plist.xml; path = Info.plist; sourceTree = "<group>"; };
		EFED4F8925F2E2ED003AE2E7 /* WeatherAppTests.xctest */ = {isa = PBXFileReference; explicitFileType = wrapper.cfbundle; includeInIndex = 0; path = WeatherAppTests.xctest; sourceTree = BUILT_PRODUCTS_DIR; };
		EFED4F9025F2E2ED003AE2E7 /* Info.plist */ = {isa = PBXFileReference; lastKnownFileType = text.plist.xml; path = Info.plist; sourceTree = "<group>"; };
		EFED4F9C25F4F3AB003AE2E7 /* CurrentWeather.swift */ = {isa = PBXFileReference; lastKnownFileType = sourcecode.swift; path = CurrentWeather.swift; sourceTree = "<group>"; };
		EFED4FA025F4F9C0003AE2E7 /* WeatherCondition.swift */ = {isa = PBXFileReference; lastKnownFileType = sourcecode.swift; path = WeatherCondition.swift; sourceTree = "<group>"; };
		EFED4FA425F4F9DC003AE2E7 /* AirQuality.swift */ = {isa = PBXFileReference; lastKnownFileType = sourcecode.swift; path = AirQuality.swift; sourceTree = "<group>"; };
		EFED4FA825F4FA54003AE2E7 /* DailyWeatherForecast.swift */ = {isa = PBXFileReference; lastKnownFileType = sourcecode.swift; path = DailyWeatherForecast.swift; sourceTree = "<group>"; };
		EFED4FAC25F4FC1E003AE2E7 /* WeatherForecast.swift */ = {isa = PBXFileReference; lastKnownFileType = sourcecode.swift; path = WeatherForecast.swift; sourceTree = "<group>"; };
		EFED4FB025F4FFE9003AE2E7 /* Location.swift */ = {isa = PBXFileReference; lastKnownFileType = sourcecode.swift; path = Location.swift; sourceTree = "<group>"; };
		EFED4FB425F50155003AE2E7 /* WeatherLoader.swift */ = {isa = PBXFileReference; lastKnownFileType = sourcecode.swift; path = WeatherLoader.swift; sourceTree = "<group>"; };
		EFED4FBD25F50346003AE2E7 /* WeatherAppTests-Bridging-Header.h */ = {isa = PBXFileReference; lastKnownFileType = sourcecode.c.h; path = "WeatherAppTests-Bridging-Header.h"; sourceTree = "<group>"; };
		EFED4FBE25F50346003AE2E7 /* RemoteWeatherLoaderTests.swift */ = {isa = PBXFileReference; lastKnownFileType = sourcecode.swift; path = RemoteWeatherLoaderTests.swift; sourceTree = "<group>"; };
		EFED4FC325F56BF0003AE2E7 /* RemoteWeatherLoader.swift */ = {isa = PBXFileReference; lastKnownFileType = sourcecode.swift; path = RemoteWeatherLoader.swift; sourceTree = "<group>"; };
/* End PBXFileReference section */

/* Begin PBXFrameworksBuildPhase section */
		EFB0F93D2613B0B100172920 /* Frameworks */ = {
			isa = PBXFrameworksBuildPhase;
			buildActionMask = 2147483647;
			files = (
				EFB0F9452613B0B200172920 /* WeatherApp.framework in Frameworks */,
			);
			runOnlyForDeploymentPostprocessing = 0;
		};
		EFED4F7D25F2E2EC003AE2E7 /* Frameworks */ = {
			isa = PBXFrameworksBuildPhase;
			buildActionMask = 2147483647;
			files = (
			);
			runOnlyForDeploymentPostprocessing = 0;
		};
		EFED4F8625F2E2ED003AE2E7 /* Frameworks */ = {
			isa = PBXFrameworksBuildPhase;
			buildActionMask = 2147483647;
			files = (
				EFED4F8A25F2E2ED003AE2E7 /* WeatherApp.framework in Frameworks */,
			);
			runOnlyForDeploymentPostprocessing = 0;
		};
/* End PBXFrameworksBuildPhase section */

/* Begin PBXGroup section */
		EFB0F922260E823200172920 /* Weather Forecast API */ = {
			isa = PBXGroup;
			children = (
				EFED4FBE25F50346003AE2E7 /* RemoteWeatherLoaderTests.swift */,
				EFB0F925260F396E00172920 /* URLSessionHTTPClientTests.swift */,
			);
			path = "Weather Forecast API";
			sourceTree = "<group>";
		};
		EFB0F929260F5AD100172920 /* Helpers */ = {
			isa = PBXGroup;
			children = (
				EFB0F92A260F5AF800172920 /* XCTestCase+MemoryLeakTracking.swift */,
			);
			path = Helpers;
			sourceTree = "<group>";
		};
		EFB0F9412613B0B200172920 /* WeatherAppAPIEndToEndTests */ = {
			isa = PBXGroup;
			children = (
				EFB0F9422613B0B200172920 /* WeatherAppAPIEndToEndTests.swift */,
				EFB0F9442613B0B200172920 /* Info.plist */,
			);
			path = WeatherAppAPIEndToEndTests;
			sourceTree = "<group>";
		};
		EFBC8C22265D94F700A29D23 /* Weather Forecast Cache */ = {
			isa = PBXGroup;
			children = (
				EFBC8C23265D955100A29D23 /* CacheWeatherForecastUseCase.swift */,
			);
			path = "Weather Forecast Cache";
			sourceTree = "<group>";
		};
		EFBC8C4C2660429200A29D23 /* WeatherForecast Cache */ = {
			isa = PBXGroup;
			children = (
				EFBC8C4D266042B400A29D23 /* LocalWeatherLoader.swift */,
				EFBC8C522660436A00A29D23 /* WeatherForecastStore.swift */,
				EFDE5925267E9CB200C464A7 /* LocalWeatherForecast.swift */,
			);
			path = "WeatherForecast Cache";
			sourceTree = "<group>";
		};
		EFED4F7625F2E2EC003AE2E7 = {
			isa = PBXGroup;
			children = (
				EFED4F8225F2E2EC003AE2E7 /* WeatherApp */,
				EFED4F8D25F2E2ED003AE2E7 /* WeatherAppTests */,
				EFB0F9412613B0B200172920 /* WeatherAppAPIEndToEndTests */,
				EFED4F8125F2E2EC003AE2E7 /* Products */,
			);
			sourceTree = "<group>";
		};
		EFED4F8125F2E2EC003AE2E7 /* Products */ = {
			isa = PBXGroup;
			children = (
				EFED4F8025F2E2EC003AE2E7 /* WeatherApp.framework */,
				EFED4F8925F2E2ED003AE2E7 /* WeatherAppTests.xctest */,
				EFB0F9402613B0B100172920 /* WeatherAppAPIEndToEndTests.xctest */,
			);
			name = Products;
			sourceTree = "<group>";
		};
		EFED4F8225F2E2EC003AE2E7 /* WeatherApp */ = {
			isa = PBXGroup;
			children = (
				EFBC8C4C2660429200A29D23 /* WeatherForecast Cache */,
				EFED4FC225F56BCE003AE2E7 /* Weather Forecast API */,
				EFED4F8325F2E2EC003AE2E7 /* WeatherApp.h */,
				EFED4F8425F2E2EC003AE2E7 /* Info.plist */,
				EFED4FB825F50222003AE2E7 /* Weather Forecast Feature */,
			);
			path = WeatherApp;
			sourceTree = "<group>";
		};
		EFED4F8D25F2E2ED003AE2E7 /* WeatherAppTests */ = {
			isa = PBXGroup;
			children = (
				EFED4F9025F2E2ED003AE2E7 /* Info.plist */,
				EFB0F929260F5AD100172920 /* Helpers */,
				EFBC8C22265D94F700A29D23 /* Weather Forecast Cache */,
				EFB0F922260E823200172920 /* Weather Forecast API */,
				EFED4FBD25F50346003AE2E7 /* WeatherAppTests-Bridging-Header.h */,
			);
			path = WeatherAppTests;
			sourceTree = "<group>";
		};
		EFED4FB825F50222003AE2E7 /* Weather Forecast Feature */ = {
			isa = PBXGroup;
			children = (
				EFED4F9C25F4F3AB003AE2E7 /* CurrentWeather.swift */,
				EFED4FA025F4F9C0003AE2E7 /* WeatherCondition.swift */,
				EFED4FA425F4F9DC003AE2E7 /* AirQuality.swift */,
				EFED4FA825F4FA54003AE2E7 /* DailyWeatherForecast.swift */,
				EFED4FAC25F4FC1E003AE2E7 /* WeatherForecast.swift */,
				EFED4FB025F4FFE9003AE2E7 /* Location.swift */,
				EFED4FB425F50155003AE2E7 /* WeatherLoader.swift */,
			);
			path = "Weather Forecast Feature";
			sourceTree = "<group>";
		};
		EFED4FC225F56BCE003AE2E7 /* Weather Forecast API */ = {
			isa = PBXGroup;
			children = (
				EFED4FC325F56BF0003AE2E7 /* RemoteWeatherLoader.swift */,
				EFB0F848260D3FBC00172920 /* HTTPClient.swift */,
				EFB0F84C260D401600172920 /* WeatherForecastMapper.swift */,
				EFDE5920267E9C2A00C464A7 /* WeatherAPI.swift */,
				EFB0F9302613AAE900172920 /* URLSessionHTTPClient.swift */,
			);
			path = "Weather Forecast API";
			sourceTree = "<group>";
		};
/* End PBXGroup section */

/* Begin PBXHeadersBuildPhase section */
		EFED4F7B25F2E2EC003AE2E7 /* Headers */ = {
			isa = PBXHeadersBuildPhase;
			buildActionMask = 2147483647;
			files = (
				EFED4F9125F2E2ED003AE2E7 /* WeatherApp.h in Headers */,
			);
			runOnlyForDeploymentPostprocessing = 0;
		};
/* End PBXHeadersBuildPhase section */

/* Begin PBXNativeTarget section */
		EFB0F93F2613B0B100172920 /* WeatherAppAPIEndToEndTests */ = {
			isa = PBXNativeTarget;
			buildConfigurationList = EFB0F94A2613B0B200172920 /* Build configuration list for PBXNativeTarget "WeatherAppAPIEndToEndTests" */;
			buildPhases = (
				EFB0F93C2613B0B100172920 /* Sources */,
				EFB0F93D2613B0B100172920 /* Frameworks */,
				EFB0F93E2613B0B100172920 /* Resources */,
			);
			buildRules = (
			);
			dependencies = (
				EFB0F9472613B0B200172920 /* PBXTargetDependency */,
			);
			name = WeatherAppAPIEndToEndTests;
			productName = WeatherAppAPIEndToEndTests;
			productReference = EFB0F9402613B0B100172920 /* WeatherAppAPIEndToEndTests.xctest */;
			productType = "com.apple.product-type.bundle.unit-test";
		};
		EFED4F7F25F2E2EC003AE2E7 /* WeatherApp */ = {
			isa = PBXNativeTarget;
			buildConfigurationList = EFED4F9425F2E2ED003AE2E7 /* Build configuration list for PBXNativeTarget "WeatherApp" */;
			buildPhases = (
				EFED4F7B25F2E2EC003AE2E7 /* Headers */,
				EFED4F7C25F2E2EC003AE2E7 /* Sources */,
				EFED4F7D25F2E2EC003AE2E7 /* Frameworks */,
				EFED4F7E25F2E2EC003AE2E7 /* Resources */,
			);
			buildRules = (
			);
			dependencies = (
			);
			name = WeatherApp;
			productName = WeatherApp;
			productReference = EFED4F8025F2E2EC003AE2E7 /* WeatherApp.framework */;
			productType = "com.apple.product-type.framework";
		};
		EFED4F8825F2E2ED003AE2E7 /* WeatherAppTests */ = {
			isa = PBXNativeTarget;
			buildConfigurationList = EFED4F9725F2E2ED003AE2E7 /* Build configuration list for PBXNativeTarget "WeatherAppTests" */;
			buildPhases = (
				EFED4F8525F2E2ED003AE2E7 /* Sources */,
				EFED4F8625F2E2ED003AE2E7 /* Frameworks */,
				EFED4F8725F2E2ED003AE2E7 /* Resources */,
			);
			buildRules = (
			);
			dependencies = (
				EFED4F8C25F2E2ED003AE2E7 /* PBXTargetDependency */,
			);
			name = WeatherAppTests;
			productName = WeatherAppTests;
			productReference = EFED4F8925F2E2ED003AE2E7 /* WeatherAppTests.xctest */;
			productType = "com.apple.product-type.bundle.unit-test";
		};
/* End PBXNativeTarget section */

/* Begin PBXProject section */
		EFED4F7725F2E2EC003AE2E7 /* Project object */ = {
			isa = PBXProject;
			attributes = {
				LastSwiftUpdateCheck = 1240;
				LastUpgradeCheck = 1220;
				TargetAttributes = {
					EFB0F93F2613B0B100172920 = {
						CreatedOnToolsVersion = 12.4;
					};
					EFED4F7F25F2E2EC003AE2E7 = {
						CreatedOnToolsVersion = 12.2;
						LastSwiftMigration = 1220;
					};
					EFED4F8825F2E2ED003AE2E7 = {
						CreatedOnToolsVersion = 12.2;
						LastSwiftMigration = 1220;
					};
				};
			};
			buildConfigurationList = EFED4F7A25F2E2EC003AE2E7 /* Build configuration list for PBXProject "WeatherApp" */;
			compatibilityVersion = "Xcode 9.3";
			developmentRegion = en;
			hasScannedForEncodings = 0;
			knownRegions = (
				en,
				Base,
			);
			mainGroup = EFED4F7625F2E2EC003AE2E7;
			productRefGroup = EFED4F8125F2E2EC003AE2E7 /* Products */;
			projectDirPath = "";
			projectRoot = "";
			targets = (
				EFED4F7F25F2E2EC003AE2E7 /* WeatherApp */,
				EFED4F8825F2E2ED003AE2E7 /* WeatherAppTests */,
				EFB0F93F2613B0B100172920 /* WeatherAppAPIEndToEndTests */,
			);
		};
/* End PBXProject section */

/* Begin PBXResourcesBuildPhase section */
		EFB0F93E2613B0B100172920 /* Resources */ = {
			isa = PBXResourcesBuildPhase;
			buildActionMask = 2147483647;
			files = (
			);
			runOnlyForDeploymentPostprocessing = 0;
		};
		EFED4F7E25F2E2EC003AE2E7 /* Resources */ = {
			isa = PBXResourcesBuildPhase;
			buildActionMask = 2147483647;
			files = (
			);
			runOnlyForDeploymentPostprocessing = 0;
		};
		EFED4F8725F2E2ED003AE2E7 /* Resources */ = {
			isa = PBXResourcesBuildPhase;
			buildActionMask = 2147483647;
			files = (
			);
			runOnlyForDeploymentPostprocessing = 0;
		};
/* End PBXResourcesBuildPhase section */

/* Begin PBXSourcesBuildPhase section */
		EFB0F93C2613B0B100172920 /* Sources */ = {
			isa = PBXSourcesBuildPhase;
			buildActionMask = 2147483647;
			files = (
				EFB0F9432613B0B200172920 /* WeatherAppAPIEndToEndTests.swift in Sources */,
				EF3CFE252630B7D600D65071 /* XCTestCase+MemoryLeakTracking.swift in Sources */,
			);
			runOnlyForDeploymentPostprocessing = 0;
		};
		EFED4F7C25F2E2EC003AE2E7 /* Sources */ = {
			isa = PBXSourcesBuildPhase;
			buildActionMask = 2147483647;
			files = (
				EFBC8C532660436A00A29D23 /* WeatherForecastStore.swift in Sources */,
				EFDE5921267E9C2A00C464A7 /* WeatherAPI.swift in Sources */,
				EFED4FA125F4F9C0003AE2E7 /* WeatherCondition.swift in Sources */,
				EFED4FAD25F4FC1F003AE2E7 /* WeatherForecast.swift in Sources */,
				EFB0F84D260D401600172920 /* WeatherForecastMapper.swift in Sources */,
				EFED4FA525F4F9DC003AE2E7 /* AirQuality.swift in Sources */,
				EFED4F9D25F4F3AB003AE2E7 /* CurrentWeather.swift in Sources */,
				EFED4FB525F50155003AE2E7 /* WeatherLoader.swift in Sources */,
				EFB0F9312613AAEA00172920 /* URLSessionHTTPClient.swift in Sources */,
				EFB0F849260D3FBC00172920 /* HTTPClient.swift in Sources */,
				EFED4FC425F56BF0003AE2E7 /* RemoteWeatherLoader.swift in Sources */,
				EFBC8C4E266042B400A29D23 /* LocalWeatherLoader.swift in Sources */,
				EFED4FB125F4FFE9003AE2E7 /* Location.swift in Sources */,
				EFDE5926267E9CB200C464A7 /* LocalWeatherForecast.swift in Sources */,
				EFED4FA925F4FA54003AE2E7 /* DailyWeatherForecast.swift in Sources */,
			);
			runOnlyForDeploymentPostprocessing = 0;
		};
		EFED4F8525F2E2ED003AE2E7 /* Sources */ = {
			isa = PBXSourcesBuildPhase;
			buildActionMask = 2147483647;
			files = (
				EFBC8C24265D955100A29D23 /* CacheWeatherForecastUseCase.swift in Sources */,
				EFED4FBF25F50346003AE2E7 /* RemoteWeatherLoaderTests.swift in Sources */,
				EFB0F926260F396E00172920 /* URLSessionHTTPClientTests.swift in Sources */,
				EFB0F92B260F5AF800172920 /* XCTestCase+MemoryLeakTracking.swift in Sources */,
			);
			runOnlyForDeploymentPostprocessing = 0;
		};
/* End PBXSourcesBuildPhase section */

/* Begin PBXTargetDependency section */
		EFB0F9472613B0B200172920 /* PBXTargetDependency */ = {
			isa = PBXTargetDependency;
			target = EFED4F7F25F2E2EC003AE2E7 /* WeatherApp */;
			targetProxy = EFB0F9462613B0B200172920 /* PBXContainerItemProxy */;
		};
		EFED4F8C25F2E2ED003AE2E7 /* PBXTargetDependency */ = {
			isa = PBXTargetDependency;
			target = EFED4F7F25F2E2EC003AE2E7 /* WeatherApp */;
			targetProxy = EFED4F8B25F2E2ED003AE2E7 /* PBXContainerItemProxy */;
		};
/* End PBXTargetDependency section */

/* Begin XCBuildConfiguration section */
		EFB0F9482613B0B200172920 /* Debug */ = {
			isa = XCBuildConfiguration;
			buildSettings = {
				CODE_SIGN_STYLE = Automatic;
				COMBINE_HIDPI_IMAGES = YES;
				DEVELOPMENT_TEAM = G8H6DP9BPD;
				INFOPLIST_FILE = WeatherAppAPIEndToEndTests/Info.plist;
				LD_RUNPATH_SEARCH_PATHS = (
					"$(inherited)",
					"@executable_path/../Frameworks",
					"@loader_path/../Frameworks",
				);
				MACOSX_DEPLOYMENT_TARGET = 11.1;
				PRODUCT_BUNDLE_IDENTIFIER = MT.WeatherAppAPIEndToEndTests;
				PRODUCT_NAME = "$(TARGET_NAME)";
				SWIFT_VERSION = 5.0;
			};
			name = Debug;
		};
		EFB0F9492613B0B200172920 /* Release */ = {
			isa = XCBuildConfiguration;
			buildSettings = {
				CODE_SIGN_STYLE = Automatic;
				COMBINE_HIDPI_IMAGES = YES;
				DEVELOPMENT_TEAM = G8H6DP9BPD;
				INFOPLIST_FILE = WeatherAppAPIEndToEndTests/Info.plist;
				LD_RUNPATH_SEARCH_PATHS = (
					"$(inherited)",
					"@executable_path/../Frameworks",
					"@loader_path/../Frameworks",
				);
				MACOSX_DEPLOYMENT_TARGET = 11.1;
				PRODUCT_BUNDLE_IDENTIFIER = MT.WeatherAppAPIEndToEndTests;
				PRODUCT_NAME = "$(TARGET_NAME)";
				SWIFT_VERSION = 5.0;
			};
			name = Release;
		};
		EFED4F9225F2E2ED003AE2E7 /* Debug */ = {
			isa = XCBuildConfiguration;
			buildSettings = {
				ALWAYS_SEARCH_USER_PATHS = NO;
				CLANG_ANALYZER_NONNULL = YES;
				CLANG_ANALYZER_NUMBER_OBJECT_CONVERSION = YES_AGGRESSIVE;
				CLANG_CXX_LANGUAGE_STANDARD = "gnu++14";
				CLANG_CXX_LIBRARY = "libc++";
				CLANG_ENABLE_MODULES = YES;
				CLANG_ENABLE_OBJC_ARC = YES;
				CLANG_ENABLE_OBJC_WEAK = YES;
				CLANG_WARN_BLOCK_CAPTURE_AUTORELEASING = YES;
				CLANG_WARN_BOOL_CONVERSION = YES;
				CLANG_WARN_COMMA = YES;
				CLANG_WARN_CONSTANT_CONVERSION = YES;
				CLANG_WARN_DEPRECATED_OBJC_IMPLEMENTATIONS = YES;
				CLANG_WARN_DIRECT_OBJC_ISA_USAGE = YES_ERROR;
				CLANG_WARN_DOCUMENTATION_COMMENTS = YES;
				CLANG_WARN_EMPTY_BODY = YES;
				CLANG_WARN_ENUM_CONVERSION = YES;
				CLANG_WARN_INFINITE_RECURSION = YES;
				CLANG_WARN_INT_CONVERSION = YES;
				CLANG_WARN_NON_LITERAL_NULL_CONVERSION = YES;
				CLANG_WARN_OBJC_IMPLICIT_RETAIN_SELF = YES;
				CLANG_WARN_OBJC_LITERAL_CONVERSION = YES;
				CLANG_WARN_OBJC_ROOT_CLASS = YES_ERROR;
				CLANG_WARN_QUOTED_INCLUDE_IN_FRAMEWORK_HEADER = YES;
				CLANG_WARN_RANGE_LOOP_ANALYSIS = YES;
				CLANG_WARN_STRICT_PROTOTYPES = YES;
				CLANG_WARN_SUSPICIOUS_MOVE = YES;
				CLANG_WARN_UNGUARDED_AVAILABILITY = YES_AGGRESSIVE;
				CLANG_WARN_UNREACHABLE_CODE = YES;
				CLANG_WARN__DUPLICATE_METHOD_MATCH = YES;
				COPY_PHASE_STRIP = NO;
				CURRENT_PROJECT_VERSION = 1;
				DEBUG_INFORMATION_FORMAT = dwarf;
				ENABLE_STRICT_OBJC_MSGSEND = YES;
				ENABLE_TESTABILITY = YES;
				GCC_C_LANGUAGE_STANDARD = gnu11;
				GCC_DYNAMIC_NO_PIC = NO;
				GCC_NO_COMMON_BLOCKS = YES;
				GCC_OPTIMIZATION_LEVEL = 0;
				GCC_PREPROCESSOR_DEFINITIONS = (
					"DEBUG=1",
					"$(inherited)",
				);
				GCC_WARN_64_TO_32_BIT_CONVERSION = YES;
				GCC_WARN_ABOUT_RETURN_TYPE = YES_ERROR;
				GCC_WARN_UNDECLARED_SELECTOR = YES;
				GCC_WARN_UNINITIALIZED_AUTOS = YES_AGGRESSIVE;
				GCC_WARN_UNUSED_FUNCTION = YES;
				GCC_WARN_UNUSED_VARIABLE = YES;
				MACOSX_DEPLOYMENT_TARGET = 10.15;
				MTL_ENABLE_DEBUG_INFO = INCLUDE_SOURCE;
				MTL_FAST_MATH = YES;
				ONLY_ACTIVE_ARCH = YES;
				SDKROOT = macosx;
				SWIFT_ACTIVE_COMPILATION_CONDITIONS = DEBUG;
				SWIFT_OPTIMIZATION_LEVEL = "-Onone";
				VERSIONING_SYSTEM = "apple-generic";
				VERSION_INFO_PREFIX = "";
			};
			name = Debug;
		};
		EFED4F9325F2E2ED003AE2E7 /* Release */ = {
			isa = XCBuildConfiguration;
			buildSettings = {
				ALWAYS_SEARCH_USER_PATHS = NO;
				CLANG_ANALYZER_NONNULL = YES;
				CLANG_ANALYZER_NUMBER_OBJECT_CONVERSION = YES_AGGRESSIVE;
				CLANG_CXX_LANGUAGE_STANDARD = "gnu++14";
				CLANG_CXX_LIBRARY = "libc++";
				CLANG_ENABLE_MODULES = YES;
				CLANG_ENABLE_OBJC_ARC = YES;
				CLANG_ENABLE_OBJC_WEAK = YES;
				CLANG_WARN_BLOCK_CAPTURE_AUTORELEASING = YES;
				CLANG_WARN_BOOL_CONVERSION = YES;
				CLANG_WARN_COMMA = YES;
				CLANG_WARN_CONSTANT_CONVERSION = YES;
				CLANG_WARN_DEPRECATED_OBJC_IMPLEMENTATIONS = YES;
				CLANG_WARN_DIRECT_OBJC_ISA_USAGE = YES_ERROR;
				CLANG_WARN_DOCUMENTATION_COMMENTS = YES;
				CLANG_WARN_EMPTY_BODY = YES;
				CLANG_WARN_ENUM_CONVERSION = YES;
				CLANG_WARN_INFINITE_RECURSION = YES;
				CLANG_WARN_INT_CONVERSION = YES;
				CLANG_WARN_NON_LITERAL_NULL_CONVERSION = YES;
				CLANG_WARN_OBJC_IMPLICIT_RETAIN_SELF = YES;
				CLANG_WARN_OBJC_LITERAL_CONVERSION = YES;
				CLANG_WARN_OBJC_ROOT_CLASS = YES_ERROR;
				CLANG_WARN_QUOTED_INCLUDE_IN_FRAMEWORK_HEADER = YES;
				CLANG_WARN_RANGE_LOOP_ANALYSIS = YES;
				CLANG_WARN_STRICT_PROTOTYPES = YES;
				CLANG_WARN_SUSPICIOUS_MOVE = YES;
				CLANG_WARN_UNGUARDED_AVAILABILITY = YES_AGGRESSIVE;
				CLANG_WARN_UNREACHABLE_CODE = YES;
				CLANG_WARN__DUPLICATE_METHOD_MATCH = YES;
				COPY_PHASE_STRIP = NO;
				CURRENT_PROJECT_VERSION = 1;
				DEBUG_INFORMATION_FORMAT = "dwarf-with-dsym";
				ENABLE_NS_ASSERTIONS = NO;
				ENABLE_STRICT_OBJC_MSGSEND = YES;
				GCC_C_LANGUAGE_STANDARD = gnu11;
				GCC_NO_COMMON_BLOCKS = YES;
				GCC_WARN_64_TO_32_BIT_CONVERSION = YES;
				GCC_WARN_ABOUT_RETURN_TYPE = YES_ERROR;
				GCC_WARN_UNDECLARED_SELECTOR = YES;
				GCC_WARN_UNINITIALIZED_AUTOS = YES_AGGRESSIVE;
				GCC_WARN_UNUSED_FUNCTION = YES;
				GCC_WARN_UNUSED_VARIABLE = YES;
				MACOSX_DEPLOYMENT_TARGET = 10.15;
				MTL_ENABLE_DEBUG_INFO = NO;
				MTL_FAST_MATH = YES;
				SDKROOT = macosx;
				SWIFT_COMPILATION_MODE = wholemodule;
				SWIFT_OPTIMIZATION_LEVEL = "-O";
				VERSIONING_SYSTEM = "apple-generic";
				VERSION_INFO_PREFIX = "";
			};
			name = Release;
		};
		EFED4F9525F2E2ED003AE2E7 /* Debug */ = {
			isa = XCBuildConfiguration;
			buildSettings = {
				CLANG_ENABLE_MODULES = YES;
				CODE_SIGN_STYLE = Automatic;
				COMBINE_HIDPI_IMAGES = YES;
				DEFINES_MODULE = YES;
				DEVELOPMENT_TEAM = G8H6DP9BPD;
				DYLIB_COMPATIBILITY_VERSION = 1;
				DYLIB_CURRENT_VERSION = 1;
				DYLIB_INSTALL_NAME_BASE = "@rpath";
				INFOPLIST_FILE = WeatherApp/Info.plist;
				INSTALL_PATH = "$(LOCAL_LIBRARY_DIR)/Frameworks";
				LD_RUNPATH_SEARCH_PATHS = (
					"$(inherited)",
					"@executable_path/../Frameworks",
					"@loader_path/Frameworks",
				);
				PRODUCT_BUNDLE_IDENTIFIER = MT.WeatherApp;
				PRODUCT_NAME = "$(TARGET_NAME:c99extidentifier)";
				SKIP_INSTALL = YES;
				SWIFT_OPTIMIZATION_LEVEL = "-Onone";
				SWIFT_VERSION = 5.0;
			};
			name = Debug;
		};
		EFED4F9625F2E2ED003AE2E7 /* Release */ = {
			isa = XCBuildConfiguration;
			buildSettings = {
				CLANG_ENABLE_MODULES = YES;
				CODE_SIGN_STYLE = Automatic;
				COMBINE_HIDPI_IMAGES = YES;
				DEFINES_MODULE = YES;
				DEVELOPMENT_TEAM = G8H6DP9BPD;
				DYLIB_COMPATIBILITY_VERSION = 1;
				DYLIB_CURRENT_VERSION = 1;
				DYLIB_INSTALL_NAME_BASE = "@rpath";
				INFOPLIST_FILE = WeatherApp/Info.plist;
				INSTALL_PATH = "$(LOCAL_LIBRARY_DIR)/Frameworks";
				LD_RUNPATH_SEARCH_PATHS = (
					"$(inherited)",
					"@executable_path/../Frameworks",
					"@loader_path/Frameworks",
				);
				PRODUCT_BUNDLE_IDENTIFIER = MT.WeatherApp;
				PRODUCT_NAME = "$(TARGET_NAME:c99extidentifier)";
				SKIP_INSTALL = YES;
				SWIFT_VERSION = 5.0;
			};
			name = Release;
		};
		EFED4F9825F2E2ED003AE2E7 /* Debug */ = {
			isa = XCBuildConfiguration;
			buildSettings = {
				ALWAYS_EMBED_SWIFT_STANDARD_LIBRARIES = YES;
				CLANG_ENABLE_MODULES = YES;
				CODE_SIGN_STYLE = Automatic;
				COMBINE_HIDPI_IMAGES = YES;
				DEVELOPMENT_TEAM = G8H6DP9BPD;
				INFOPLIST_FILE = WeatherAppTests/Info.plist;
				LD_RUNPATH_SEARCH_PATHS = (
					"$(inherited)",
					"@executable_path/../Frameworks",
					"@loader_path/../Frameworks",
				);
				PRODUCT_BUNDLE_IDENTIFIER = MT.WeatherAppTests;
				PRODUCT_NAME = "$(TARGET_NAME)";
				SWIFT_OBJC_BRIDGING_HEADER = "WeatherAppTests/WeatherAppTests-Bridging-Header.h";
				SWIFT_OPTIMIZATION_LEVEL = "-Onone";
				SWIFT_VERSION = 5.0;
			};
			name = Debug;
		};
		EFED4F9925F2E2ED003AE2E7 /* Release */ = {
			isa = XCBuildConfiguration;
			buildSettings = {
				ALWAYS_EMBED_SWIFT_STANDARD_LIBRARIES = YES;
				CLANG_ENABLE_MODULES = YES;
				CODE_SIGN_STYLE = Automatic;
				COMBINE_HIDPI_IMAGES = YES;
				DEVELOPMENT_TEAM = G8H6DP9BPD;
				INFOPLIST_FILE = WeatherAppTests/Info.plist;
				LD_RUNPATH_SEARCH_PATHS = (
					"$(inherited)",
					"@executable_path/../Frameworks",
					"@loader_path/../Frameworks",
				);
				PRODUCT_BUNDLE_IDENTIFIER = MT.WeatherAppTests;
				PRODUCT_NAME = "$(TARGET_NAME)";
				SWIFT_OBJC_BRIDGING_HEADER = "WeatherAppTests/WeatherAppTests-Bridging-Header.h";
				SWIFT_VERSION = 5.0;
			};
			name = Release;
		};
/* End XCBuildConfiguration section */

/* Begin XCConfigurationList section */
		EFB0F94A2613B0B200172920 /* Build configuration list for PBXNativeTarget "WeatherAppAPIEndToEndTests" */ = {
			isa = XCConfigurationList;
			buildConfigurations = (
				EFB0F9482613B0B200172920 /* Debug */,
				EFB0F9492613B0B200172920 /* Release */,
			);
			defaultConfigurationIsVisible = 0;
			defaultConfigurationName = Release;
		};
		EFED4F7A25F2E2EC003AE2E7 /* Build configuration list for PBXProject "WeatherApp" */ = {
			isa = XCConfigurationList;
			buildConfigurations = (
				EFED4F9225F2E2ED003AE2E7 /* Debug */,
				EFED4F9325F2E2ED003AE2E7 /* Release */,
			);
			defaultConfigurationIsVisible = 0;
			defaultConfigurationName = Release;
		};
		EFED4F9425F2E2ED003AE2E7 /* Build configuration list for PBXNativeTarget "WeatherApp" */ = {
			isa = XCConfigurationList;
			buildConfigurations = (
				EFED4F9525F2E2ED003AE2E7 /* Debug */,
				EFED4F9625F2E2ED003AE2E7 /* Release */,
			);
			defaultConfigurationIsVisible = 0;
			defaultConfigurationName = Release;
		};
		EFED4F9725F2E2ED003AE2E7 /* Build configuration list for PBXNativeTarget "WeatherAppTests" */ = {
			isa = XCConfigurationList;
			buildConfigurations = (
				EFED4F9825F2E2ED003AE2E7 /* Debug */,
				EFED4F9925F2E2ED003AE2E7 /* Release */,
			);
			defaultConfigurationIsVisible = 0;
			defaultConfigurationName = Release;
		};
/* End XCConfigurationList section */
	};
	rootObject = EFED4F7725F2E2EC003AE2E7 /* Project object */;
}
